
Microsoft Visual Studio Solution File, Format Version 12.00
# Visual Studio Version 16
VisualStudioVersion = 16.0.32413.511
MinimumVisualStudioVersion = 10.0.40219.1
Project("{9A19103F-16F7-4668-BE54-9A1E7A4F7556}") = "Triton", "Triton\Triton.csproj", "{89960A62-4AE2-46E9-818A-B6BCB963CAE9}"
EndProject
Global
	GlobalSection(SolutionConfigurationPlatforms) = preSolution
		Debug|Any CPU = Debug|Any CPU
		Release|Any CPU = Release|Any CPU
	EndGlobalSection
	GlobalSection(ProjectConfigurationPlatforms) = postSolution
		{89960A62-4AE2-46E9-818A-B6BCB963CAE9}.Debug|Any CPU.ActiveCfg = Debug|Any CPU
		{89960A62-4AE2-46E9-818A-B6BCB963CAE9}.Debug|Any CPU.Build.0 = Debug|Any CPU
		{89960A62-4AE2-46E9-818A-B6BCB963CAE9}.Release|Any CPU.ActiveCfg = Release|Any CPU
		{89960A62-4AE2-46E9-818A-B6BCB963CAE9}.Release|Any CPU.Build.0 = Release|Any CPU
	EndGlobalSection
	GlobalSection(SolutionProperties) = preSolution
		HideSolutionNode = FALSE
	EndGlobalSection
	GlobalSection(ExtensibilityGlobals) = postSolution
		SolutionGuid = {BAA6540D-F23F-4344-87D6-B2432635C4B9}
	EndGlobalSection
EndGlobal
